// !$*UTF8*$!
{
	archiveVersion = 1;
	classes = {
	};
	objectVersion = 46;
	objects = {

/* Begin PBXBuildFile section */
		173770ED1D145CB60031984B /* CardNode.m in Sources */ = {isa = PBXBuildFile; fileRef = 173770EC1D145CB60031984B /* CardNode.m */; };
		1737711F1D1466A70031984B /* PINRemoteImage.framework in Frameworks */ = {isa = PBXBuildFile; fileRef = 1737711E1D1466A00031984B /* PINRemoteImage.framework */; };
		17744BB61D144EA600242AF9 /* main.m in Sources */ = {isa = PBXBuildFile; fileRef = 17744BB51D144EA600242AF9 /* main.m */; };
		17744BB91D144EA600242AF9 /* AppDelegate.m in Sources */ = {isa = PBXBuildFile; fileRef = 17744BB81D144EA600242AF9 /* AppDelegate.m */; };
		17744BBC1D144EA600242AF9 /* ViewController.m in Sources */ = {isa = PBXBuildFile; fileRef = 17744BBB1D144EA600242AF9 /* ViewController.m */; };
		17744BBF1D144EA600242AF9 /* Main.storyboard in Resources */ = {isa = PBXBuildFile; fileRef = 17744BBD1D144EA600242AF9 /* Main.storyboard */; };
		17744BC11D144EA600242AF9 /* Assets.xcassets in Resources */ = {isa = PBXBuildFile; fileRef = 17744BC01D144EA600242AF9 /* Assets.xcassets */; };
		17744BC41D144EA600242AF9 /* LaunchScreen.storyboard in Resources */ = {isa = PBXBuildFile; fileRef = 17744BC21D144EA600242AF9 /* LaunchScreen.storyboard */; };
		17744BCE1D144F2700242AF9 /* TestData.txt in Resources */ = {isa = PBXBuildFile; fileRef = 17744BCD1D144F2700242AF9 /* TestData.txt */; };
		17744BE11D14552100242AF9 /* libAsyncDisplayKit.a in Frameworks */ = {isa = PBXBuildFile; fileRef = 17744BD81D1454A600242AF9 /* libAsyncDisplayKit.a */; };
		17744BE31D14552C00242AF9 /* AssetsLibrary.framework in Frameworks */ = {isa = PBXBuildFile; fileRef = 17744BE21D14552C00242AF9 /* AssetsLibrary.framework */; };
		17744BE51D14553400242AF9 /* Photos.framework in Frameworks */ = {isa = PBXBuildFile; fileRef = 17744BE41D14553400242AF9 /* Photos.framework */; };
/* End PBXBuildFile section */

/* Begin PBXContainerItemProxy section */
		1737711D1D1466A00031984B /* PBXContainerItemProxy */ = {
			isa = PBXContainerItemProxy;
			containerPortal = 173771191D1466A00031984B /* PINRemoteImage.xcodeproj */;
			proxyType = 2;
			remoteGlobalIDString = F1B918D11BCF239200710963;
			remoteInfo = "PINRemoteImage-iOS";
		};
		17744BD71D1454A600242AF9 /* PBXContainerItemProxy */ = {
			isa = PBXContainerItemProxy;
			containerPortal = 17744BD01D1454A600242AF9 /* AsyncDisplayKit.xcodeproj */;
			proxyType = 2;
			remoteGlobalIDString = 058D09AC195D04C000B7D73C;
			remoteInfo = AsyncDisplayKit;
		};
		17744BD91D1454A600242AF9 /* PBXContainerItemProxy */ = {
			isa = PBXContainerItemProxy;
			containerPortal = 17744BD01D1454A600242AF9 /* AsyncDisplayKit.xcodeproj */;
			proxyType = 2;
			remoteGlobalIDString = 058D09BC195D04C000B7D73C;
			remoteInfo = AsyncDisplayKitTests;
		};
		17744BDB1D1454A600242AF9 /* PBXContainerItemProxy */ = {
			isa = PBXContainerItemProxy;
			containerPortal = 17744BD01D1454A600242AF9 /* AsyncDisplayKit.xcodeproj */;
			proxyType = 2;
			remoteGlobalIDString = 057D02BF1AC0A66700C7AC3C;
			remoteInfo = AsyncDisplayKitTestHost;
		};
		17744BDD1D1454A600242AF9 /* PBXContainerItemProxy */ = {
			isa = PBXContainerItemProxy;
			containerPortal = 17744BD01D1454A600242AF9 /* AsyncDisplayKit.xcodeproj */;
			proxyType = 2;
			remoteGlobalIDString = B35061DA1B010EDF0018CF92;
			remoteInfo = "AsyncDisplayKit-iOS";
		};
		17744BDF1D14550B00242AF9 /* PBXContainerItemProxy */ = {
			isa = PBXContainerItemProxy;
			containerPortal = 17744BD01D1454A600242AF9 /* AsyncDisplayKit.xcodeproj */;
			proxyType = 1;
			remoteGlobalIDString = 058D09AB195D04C000B7D73C;
			remoteInfo = AsyncDisplayKit;
		};
/* End PBXContainerItemProxy section */

/* Begin PBXFileReference section */
		173770EB1D145CB60031984B /* CardNode.h */ = {isa = PBXFileReference; fileEncoding = 4; lastKnownFileType = sourcecode.c.h; path = CardNode.h; sourceTree = "<group>"; };
		173770EC1D145CB60031984B /* CardNode.m */ = {isa = PBXFileReference; fileEncoding = 4; lastKnownFileType = sourcecode.c.objc; path = CardNode.m; sourceTree = "<group>"; };
		173770EE1D145D160031984B /* HSNV-Prefix.pch */ = {isa = PBXFileReference; lastKnownFileType = sourcecode.c.h; path = "HSNV-Prefix.pch"; sourceTree = "<group>"; };
		173771191D1466A00031984B /* PINRemoteImage.xcodeproj */ = {isa = PBXFileReference; lastKnownFileType = "wrapper.pb-project"; name = PINRemoteImage.xcodeproj; path = PINRemoteImage/PINRemoteImage/PINRemoteImage.xcodeproj; sourceTree = SOURCE_ROOT; };
		17744BB11D144EA600242AF9 /* HSNV.app */ = {isa = PBXFileReference; explicitFileType = wrapper.application; includeInIndex = 0; path = HSNV.app; sourceTree = BUILT_PRODUCTS_DIR; };
		17744BB51D144EA600242AF9 /* main.m */ = {isa = PBXFileReference; lastKnownFileType = sourcecode.c.objc; path = main.m; sourceTree = "<group>"; };
		17744BB71D144EA600242AF9 /* AppDelegate.h */ = {isa = PBXFileReference; lastKnownFileType = sourcecode.c.h; path = AppDelegate.h; sourceTree = "<group>"; };
		17744BB81D144EA600242AF9 /* AppDelegate.m */ = {isa = PBXFileReference; lastKnownFileType = sourcecode.c.objc; path = AppDelegate.m; sourceTree = "<group>"; };
		17744BBA1D144EA600242AF9 /* ViewController.h */ = {isa = PBXFileReference; lastKnownFileType = sourcecode.c.h; path = ViewController.h; sourceTree = "<group>"; };
		17744BBB1D144EA600242AF9 /* ViewController.m */ = {isa = PBXFileReference; lastKnownFileType = sourcecode.c.objc; path = ViewController.m; sourceTree = "<group>"; };
		17744BBE1D144EA600242AF9 /* Base */ = {isa = PBXFileReference; lastKnownFileType = file.storyboard; name = Base; path = Base.lproj/Main.storyboard; sourceTree = "<group>"; };
		17744BC01D144EA600242AF9 /* Assets.xcassets */ = {isa = PBXFileReference; lastKnownFileType = folder.assetcatalog; path = Assets.xcassets; sourceTree = "<group>"; };
		17744BC31D144EA600242AF9 /* Base */ = {isa = PBXFileReference; lastKnownFileType = file.storyboard; name = Base; path = Base.lproj/LaunchScreen.storyboard; sourceTree = "<group>"; };
		17744BC51D144EA600242AF9 /* Info.plist */ = {isa = PBXFileReference; lastKnownFileType = text.plist.xml; path = Info.plist; sourceTree = "<group>"; };
		17744BCD1D144F2700242AF9 /* TestData.txt */ = {isa = PBXFileReference; fileEncoding = 4; lastKnownFileType = text; path = TestData.txt; sourceTree = "<group>"; };
		17744BD01D1454A600242AF9 /* AsyncDisplayKit.xcodeproj */ = {isa = PBXFileReference; lastKnownFileType = "wrapper.pb-project"; name = AsyncDisplayKit.xcodeproj; path = AsyncDisplayKit/AsyncDisplayKit.xcodeproj; sourceTree = SOURCE_ROOT; };
		17744BE21D14552C00242AF9 /* AssetsLibrary.framework */ = {isa = PBXFileReference; lastKnownFileType = wrapper.framework; name = AssetsLibrary.framework; path = System/Library/Frameworks/AssetsLibrary.framework; sourceTree = SDKROOT; };
		17744BE41D14553400242AF9 /* Photos.framework */ = {isa = PBXFileReference; lastKnownFileType = wrapper.framework; name = Photos.framework; path = System/Library/Frameworks/Photos.framework; sourceTree = SDKROOT; };
/* End PBXFileReference section */

/* Begin PBXFrameworksBuildPhase section */
		17744BAE1D144EA600242AF9 /* Frameworks */ = {
			isa = PBXFrameworksBuildPhase;
			buildActionMask = 2147483647;
			files = (
				1737711F1D1466A70031984B /* PINRemoteImage.framework in Frameworks */,
				17744BE51D14553400242AF9 /* Photos.framework in Frameworks */,
				17744BE31D14552C00242AF9 /* AssetsLibrary.framework in Frameworks */,
				17744BE11D14552100242AF9 /* libAsyncDisplayKit.a in Frameworks */,
			);
			runOnlyForDeploymentPostprocessing = 0;
		};
/* End PBXFrameworksBuildPhase section */

/* Begin PBXGroup section */
		1737711A1D1466A00031984B /* Products */ = {
			isa = PBXGroup;
			children = (
				1737711E1D1466A00031984B /* PINRemoteImage.framework */,
			);
			name = Products;
			sourceTree = "<group>";
		};
		17744BA81D144EA500242AF9 = {
			isa = PBXGroup;
			children = (
				17744BE41D14553400242AF9 /* Photos.framework */,
				17744BE21D14552C00242AF9 /* AssetsLibrary.framework */,
				17744BCD1D144F2700242AF9 /* TestData.txt */,
				17744BB31D144EA600242AF9 /* HSNV */,
				17744BB21D144EA600242AF9 /* Products */,
			);
			sourceTree = "<group>";
		};
		17744BB21D144EA600242AF9 /* Products */ = {
			isa = PBXGroup;
			children = (
				17744BB11D144EA600242AF9 /* HSNV.app */,
			);
			name = Products;
			sourceTree = "<group>";
		};
		17744BB31D144EA600242AF9 /* HSNV */ = {
			isa = PBXGroup;
			children = (
				17744BCF1D14549D00242AF9 /* Framework */,
				17744BB71D144EA600242AF9 /* AppDelegate.h */,
				17744BB81D144EA600242AF9 /* AppDelegate.m */,
				17744BBA1D144EA600242AF9 /* ViewController.h */,
				17744BBB1D144EA600242AF9 /* ViewController.m */,
				17744BBD1D144EA600242AF9 /* Main.storyboard */,
				17744BC01D144EA600242AF9 /* Assets.xcassets */,
				17744BC21D144EA600242AF9 /* LaunchScreen.storyboard */,
				17744BC51D144EA600242AF9 /* Info.plist */,
				17744BB41D144EA600242AF9 /* Supporting Files */,
				173770EB1D145CB60031984B /* CardNode.h */,
				173770EC1D145CB60031984B /* CardNode.m */,
				173770EE1D145D160031984B /* HSNV-Prefix.pch */,
			);
			path = HSNV;
			sourceTree = "<group>";
		};
		17744BB41D144EA600242AF9 /* Supporting Files */ = {
			isa = PBXGroup;
			children = (
				17744BB51D144EA600242AF9 /* main.m */,
			);
			name = "Supporting Files";
			sourceTree = "<group>";
		};
		17744BCF1D14549D00242AF9 /* Framework */ = {
			isa = PBXGroup;
			children = (
				173771191D1466A00031984B /* PINRemoteImage.xcodeproj */,
				17744BD01D1454A600242AF9 /* AsyncDisplayKit.xcodeproj */,
			);
			name = Framework;
			sourceTree = "<group>";
		};
		17744BD11D1454A600242AF9 /* Products */ = {
			isa = PBXGroup;
			children = (
				17744BD81D1454A600242AF9 /* libAsyncDisplayKit.a */,
				17744BDA1D1454A600242AF9 /* AsyncDisplayKitTests.xctest */,
				17744BDC1D1454A600242AF9 /* AsyncDisplayKitTestHost.app */,
				17744BDE1D1454A600242AF9 /* AsyncDisplayKit.framework */,
			);
			name = Products;
			sourceTree = "<group>";
		};
/* End PBXGroup section */

/* Begin PBXNativeTarget section */
		17744BB01D144EA600242AF9 /* HSNV */ = {
			isa = PBXNativeTarget;
			buildConfigurationList = 17744BC81D144EA600242AF9 /* Build configuration list for PBXNativeTarget "HSNV" */;
			buildPhases = (
				17744BAD1D144EA600242AF9 /* Sources */,
				17744BAE1D144EA600242AF9 /* Frameworks */,
				17744BAF1D144EA600242AF9 /* Resources */,
			);
			buildRules = (
			);
			dependencies = (
				17744BE01D14550B00242AF9 /* PBXTargetDependency */,
			);
			name = HSNV;
			productName = HSNV;
			productReference = 17744BB11D144EA600242AF9 /* HSNV.app */;
			productType = "com.apple.product-type.application";
		};
/* End PBXNativeTarget section */

/* Begin PBXProject section */
		17744BA91D144EA500242AF9 /* Project object */ = {
			isa = PBXProject;
			attributes = {
				LastUpgradeCheck = 0730;
				ORGANIZATIONNAME = ants;
				TargetAttributes = {
					17744BB01D144EA600242AF9 = {
						CreatedOnToolsVersion = 7.3;
					};
				};
			};
			buildConfigurationList = 17744BAC1D144EA500242AF9 /* Build configuration list for PBXProject "HSNV" */;
			compatibilityVersion = "Xcode 3.2";
			developmentRegion = English;
			hasScannedForEncodings = 0;
			knownRegions = (
				en,
				Base,
			);
			mainGroup = 17744BA81D144EA500242AF9;
			productRefGroup = 17744BB21D144EA600242AF9 /* Products */;
			projectDirPath = "";
			projectReferences = (
				{
					ProductGroup = 17744BD11D1454A600242AF9 /* Products */;
					ProjectRef = 17744BD01D1454A600242AF9 /* AsyncDisplayKit.xcodeproj */;
				},
				{
					ProductGroup = 1737711A1D1466A00031984B /* Products */;
					ProjectRef = 173771191D1466A00031984B /* PINRemoteImage.xcodeproj */;
				},
			);
			projectRoot = "";
			targets = (
				17744BB01D144EA600242AF9 /* HSNV */,
			);
		};
/* End PBXProject section */

/* Begin PBXReferenceProxy section */
		1737711E1D1466A00031984B /* PINRemoteImage.framework */ = {
			isa = PBXReferenceProxy;
			fileType = wrapper.framework;
			path = PINRemoteImage.framework;
			remoteRef = 1737711D1D1466A00031984B /* PBXContainerItemProxy */;
			sourceTree = BUILT_PRODUCTS_DIR;
		};
		17744BD81D1454A600242AF9 /* libAsyncDisplayKit.a */ = {
			isa = PBXReferenceProxy;
			fileType = archive.ar;
			path = libAsyncDisplayKit.a;
			remoteRef = 17744BD71D1454A600242AF9 /* PBXContainerItemProxy */;
			sourceTree = BUILT_PRODUCTS_DIR;
		};
		17744BDA1D1454A600242AF9 /* AsyncDisplayKitTests.xctest */ = {
			isa = PBXReferenceProxy;
			fileType = wrapper.cfbundle;
			path = AsyncDisplayKitTests.xctest;
			remoteRef = 17744BD91D1454A600242AF9 /* PBXContainerItemProxy */;
			sourceTree = BUILT_PRODUCTS_DIR;
		};
		17744BDC1D1454A600242AF9 /* AsyncDisplayKitTestHost.app */ = {
			isa = PBXReferenceProxy;
			fileType = wrapper.application;
			path = AsyncDisplayKitTestHost.app;
			remoteRef = 17744BDB1D1454A600242AF9 /* PBXContainerItemProxy */;
			sourceTree = BUILT_PRODUCTS_DIR;
		};
		17744BDE1D1454A600242AF9 /* AsyncDisplayKit.framework */ = {
			isa = PBXReferenceProxy;
			fileType = wrapper.framework;
			path = AsyncDisplayKit.framework;
			remoteRef = 17744BDD1D1454A600242AF9 /* PBXContainerItemProxy */;
			sourceTree = BUILT_PRODUCTS_DIR;
		};
/* End PBXReferenceProxy section */

/* Begin PBXResourcesBuildPhase section */
		17744BAF1D144EA600242AF9 /* Resources */ = {
			isa = PBXResourcesBuildPhase;
			buildActionMask = 2147483647;
			files = (
				17744BCE1D144F2700242AF9 /* TestData.txt in Resources */,
				17744BC41D144EA600242AF9 /* LaunchScreen.storyboard in Resources */,
				17744BC11D144EA600242AF9 /* Assets.xcassets in Resources */,
				17744BBF1D144EA600242AF9 /* Main.storyboard in Resources */,
			);
			runOnlyForDeploymentPostprocessing = 0;
		};
/* End PBXResourcesBuildPhase section */

/* Begin PBXSourcesBuildPhase section */
		17744BAD1D144EA600242AF9 /* Sources */ = {
			isa = PBXSourcesBuildPhase;
			buildActionMask = 2147483647;
			files = (
				173770ED1D145CB60031984B /* CardNode.m in Sources */,
				17744BBC1D144EA600242AF9 /* ViewController.m in Sources */,
				17744BB91D144EA600242AF9 /* AppDelegate.m in Sources */,
				17744BB61D144EA600242AF9 /* main.m in Sources */,
			);
			runOnlyForDeploymentPostprocessing = 0;
		};
/* End PBXSourcesBuildPhase section */

/* Begin PBXTargetDependency section */
		17744BE01D14550B00242AF9 /* PBXTargetDependency */ = {
			isa = PBXTargetDependency;
			name = AsyncDisplayKit;
			targetProxy = 17744BDF1D14550B00242AF9 /* PBXContainerItemProxy */;
		};
/* End PBXTargetDependency section */

/* Begin PBXVariantGroup section */
		17744BBD1D144EA600242AF9 /* Main.storyboard */ = {
			isa = PBXVariantGroup;
			children = (
				17744BBE1D144EA600242AF9 /* Base */,
			);
			name = Main.storyboard;
			sourceTree = "<group>";
		};
		17744BC21D144EA600242AF9 /* LaunchScreen.storyboard */ = {
			isa = PBXVariantGroup;
			children = (
				17744BC31D144EA600242AF9 /* Base */,
			);
			name = LaunchScreen.storyboard;
			sourceTree = "<group>";
		};
/* End PBXVariantGroup section */

/* Begin XCBuildConfiguration section */
		17744BC61D144EA600242AF9 /* Debug */ = {
			isa = XCBuildConfiguration;
			buildSettings = {
				ALWAYS_SEARCH_USER_PATHS = NO;
				CLANG_ANALYZER_NONNULL = YES;
				CLANG_CXX_LANGUAGE_STANDARD = "gnu++0x";
				CLANG_CXX_LIBRARY = "libc++";
				CLANG_ENABLE_MODULES = YES;
				CLANG_ENABLE_OBJC_ARC = YES;
				CLANG_WARN_BOOL_CONVERSION = YES;
				CLANG_WARN_CONSTANT_CONVERSION = YES;
				CLANG_WARN_DIRECT_OBJC_ISA_USAGE = YES_ERROR;
				CLANG_WARN_EMPTY_BODY = YES;
				CLANG_WARN_ENUM_CONVERSION = YES;
				CLANG_WARN_INT_CONVERSION = YES;
				CLANG_WARN_OBJC_ROOT_CLASS = YES_ERROR;
				CLANG_WARN_UNREACHABLE_CODE = YES;
				CLANG_WARN__DUPLICATE_METHOD_MATCH = YES;
				"CODE_SIGN_IDENTITY[sdk=iphoneos*]" = "iPhone Developer";
				COPY_PHASE_STRIP = NO;
				DEBUG_INFORMATION_FORMAT = dwarf;
				ENABLE_STRICT_OBJC_MSGSEND = YES;
				ENABLE_TESTABILITY = YES;
				GCC_C_LANGUAGE_STANDARD = gnu99;
				GCC_DYNAMIC_NO_PIC = NO;
				GCC_NO_COMMON_BLOCKS = YES;
				GCC_OPTIMIZATION_LEVEL = 0;
				GCC_PREPROCESSOR_DEFINITIONS = (
					"DEBUG=1",
					"$(inherited)",
				);
				GCC_WARN_64_TO_32_BIT_CONVERSION = YES;
				GCC_WARN_ABOUT_RETURN_TYPE = YES_ERROR;
				GCC_WARN_UNDECLARED_SELECTOR = YES;
				GCC_WARN_UNINITIALIZED_AUTOS = YES_AGGRESSIVE;
				GCC_WARN_UNUSED_FUNCTION = YES;
				GCC_WARN_UNUSED_VARIABLE = YES;
				IPHONEOS_DEPLOYMENT_TARGET = 9.3;
				MTL_ENABLE_DEBUG_INFO = YES;
				ONLY_ACTIVE_ARCH = YES;
				SDKROOT = iphoneos;
				TARGETED_DEVICE_FAMILY = "1,2";
			};
			name = Debug;
		};
		17744BC71D144EA600242AF9 /* Release */ = {
			isa = XCBuildConfiguration;
			buildSettings = {
				ALWAYS_SEARCH_USER_PATHS = NO;
				CLANG_ANALYZER_NONNULL = YES;
				CLANG_CXX_LANGUAGE_STANDARD = "gnu++0x";
				CLANG_CXX_LIBRARY = "libc++";
				CLANG_ENABLE_MODULES = YES;
				CLANG_ENABLE_OBJC_ARC = YES;
				CLANG_WARN_BOOL_CONVERSION = YES;
				CLANG_WARN_CONSTANT_CONVERSION = YES;
				CLANG_WARN_DIRECT_OBJC_ISA_USAGE = YES_ERROR;
				CLANG_WARN_EMPTY_BODY = YES;
				CLANG_WARN_ENUM_CONVERSION = YES;
				CLANG_WARN_INT_CONVERSION = YES;
				CLANG_WARN_OBJC_ROOT_CLASS = YES_ERROR;
				CLANG_WARN_UNREACHABLE_CODE = YES;
				CLANG_WARN__DUPLICATE_METHOD_MATCH = YES;
				"CODE_SIGN_IDENTITY[sdk=iphoneos*]" = "iPhone Developer";
				COPY_PHASE_STRIP = NO;
				DEBUG_INFORMATION_FORMAT = "dwarf-with-dsym";
				ENABLE_NS_ASSERTIONS = NO;
				ENABLE_STRICT_OBJC_MSGSEND = YES;
				GCC_C_LANGUAGE_STANDARD = gnu99;
				GCC_NO_COMMON_BLOCKS = YES;
				GCC_WARN_64_TO_32_BIT_CONVERSION = YES;
				GCC_WARN_ABOUT_RETURN_TYPE = YES_ERROR;
				GCC_WARN_UNDECLARED_SELECTOR = YES;
				GCC_WARN_UNINITIALIZED_AUTOS = YES_AGGRESSIVE;
				GCC_WARN_UNUSED_FUNCTION = YES;
				GCC_WARN_UNUSED_VARIABLE = YES;
				IPHONEOS_DEPLOYMENT_TARGET = 9.3;
				MTL_ENABLE_DEBUG_INFO = NO;
				SDKROOT = iphoneos;
				TARGETED_DEVICE_FAMILY = "1,2";
				VALIDATE_PRODUCT = YES;
			};
			name = Release;
		};
		17744BC91D144EA600242AF9 /* Debug */ = {
			isa = XCBuildConfiguration;
			buildSettings = {
				ALWAYS_SEARCH_USER_PATHS = YES;
				ASSETCATALOG_COMPILER_APPICON_NAME = AppIcon;
				GCC_PREFIX_HEADER = "/Users/tuan/HSNV/HSNV/HSNV-Prefix.pch";
				HEADER_SEARCH_PATHS = "/Users/tuan/Library/Developer/Xcode/DerivedData/HSNV-bopwdtutaxveyadkfbcxuiasxyye/Build/Products/Debug-iphonesimulator/include";
				INFOPLIST_FILE = HSNV/Info.plist;
				LD_RUNPATH_SEARCH_PATHS = "$(inherited) @executable_path/Frameworks";
				OTHER_LDFLAGS = (
					"-lc++",
					"-ObjC",
				);
				PRODUCT_BUNDLE_IDENTIFIER = ants.vn.HSNV;
				PRODUCT_NAME = "$(TARGET_NAME)";
			};
			name = Debug;
		};
		17744BCA1D144EA600242AF9 /* Release */ = {
			isa = XCBuildConfiguration;
			buildSettings = {
				ALWAYS_SEARCH_USER_PATHS = YES;
				ASSETCATALOG_COMPILER_APPICON_NAME = AppIcon;
				GCC_PREFIX_HEADER = "/Users/tuan/HSNV/HSNV/HSNV-Prefix.pch";
				HEADER_SEARCH_PATHS = "/Users/tuan/Library/Developer/Xcode/DerivedData/HSNV-bopwdtutaxveyadkfbcxuiasxyye/Build/Products/Debug-iphonesimulator/include";
				INFOPLIST_FILE = HSNV/Info.plist;
				LD_RUNPATH_SEARCH_PATHS = "$(inherited) @executable_path/Frameworks";
				OTHER_LDFLAGS = (
					"-lc++",
					"-ObjC",
				);
				PRODUCT_BUNDLE_IDENTIFIER = ants.vn.HSNV;
				PRODUCT_NAME = "$(TARGET_NAME)";
			};
			name = Release;
		};
/* End XCBuildConfiguration section */

/* Begin XCConfigurationList section */
		17744BAC1D144EA500242AF9 /* Build configuration list for PBXProject "HSNV" */ = {
			isa = XCConfigurationList;
			buildConfigurations = (
				17744BC61D144EA600242AF9 /* Debug */,
				17744BC71D144EA600242AF9 /* Release */,
			);
			defaultConfigurationIsVisible = 0;
			defaultConfigurationName = Release;
		};
		17744BC81D144EA600242AF9 /* Build configuration list for PBXNativeTarget "HSNV" */ = {
			isa = XCConfigurationList;
			buildConfigurations = (
				17744BC91D144EA600242AF9 /* Debug */,
				17744BCA1D144EA600242AF9 /* Release */,
			);
			defaultConfigurationIsVisible = 0;
			defaultConfigurationName = Release;
		};
/* End XCConfigurationList section */
	};
	rootObject = 17744BA91D144EA500242AF9 /* Project object */;
}
